
Microsoft Visual Studio Solution File, Format Version 12.00
# Visual Studio Version 16
VisualStudioVersion = 16.0.28803.202
MinimumVisualStudioVersion = 10.0.40219.1
Project("{FAE04EC0-301F-11D3-BF4B-00C04F79EFBC}") = "OOP.Abstract_", "OOP.Abstract_\OOP.Abstract_.csproj", "{93026263-0456-40DD-8387-630C4BDF2985}"
EndProject
Project("{FAE04EC0-301F-11D3-BF4B-00C04F79EFBC}") = "OOP.Enom_", "OOP.Enom_\OOP.Enom_.csproj", "{BD05589E-D014-440A-B5E6-1D35229EF4C1}"
EndProject
Project("{FAE04EC0-301F-11D3-BF4B-00C04F79EFBC}") = "OOP.Sealed_", "OOP.Sealed_\OOP.Sealed_.csproj", "{A240E36B-6EC9-4FA1-8452-B7DE805AEEB8}"
EndProject
Global
	GlobalSection(SolutionConfigurationPlatforms) = preSolution
		Debug|Any CPU = Debug|Any CPU
		Release|Any CPU = Release|Any CPU
	EndGlobalSection
	GlobalSection(ProjectConfigurationPlatforms) = postSolution
		{93026263-0456-40DD-8387-630C4BDF2985}.Debug|Any CPU.ActiveCfg = Debug|Any CPU
		{93026263-0456-40DD-8387-630C4BDF2985}.Debug|Any CPU.Build.0 = Debug|Any CPU
		{93026263-0456-40DD-8387-630C4BDF2985}.Release|Any CPU.ActiveCfg = Release|Any CPU
		{93026263-0456-40DD-8387-630C4BDF2985}.Release|Any CPU.Build.0 = Release|Any CPU
		{BD05589E-D014-440A-B5E6-1D35229EF4C1}.Debug|Any CPU.ActiveCfg = Debug|Any CPU
		{BD05589E-D014-440A-B5E6-1D35229EF4C1}.Debug|Any CPU.Build.0 = Debug|Any CPU
		{BD05589E-D014-440A-B5E6-1D35229EF4C1}.Release|Any CPU.ActiveCfg = Release|Any CPU
		{BD05589E-D014-440A-B5E6-1D35229EF4C1}.Release|Any CPU.Build.0 = Release|Any CPU
		{A240E36B-6EC9-4FA1-8452-B7DE805AEEB8}.Debug|Any CPU.ActiveCfg = Debug|Any CPU
		{A240E36B-6EC9-4FA1-8452-B7DE805AEEB8}.Debug|Any CPU.Build.0 = Debug|Any CPU
		{A240E36B-6EC9-4FA1-8452-B7DE805AEEB8}.Release|Any CPU.ActiveCfg = Release|Any CPU
		{A240E36B-6EC9-4FA1-8452-B7DE805AEEB8}.Release|Any CPU.Build.0 = Release|Any CPU
	EndGlobalSection
	GlobalSection(SolutionProperties) = preSolution
		HideSolutionNode = FALSE
	EndGlobalSection
	GlobalSection(ExtensibilityGlobals) = postSolution
		SolutionGuid = {5F32748E-5238-431A-B1E4-F754334B37E1}
	EndGlobalSection
EndGlobal
